
Microsoft Visual Studio Solution File, Format Version 12.00
# Visual Studio Version 16
VisualStudioVersion = 16.0.31005.135
MinimumVisualStudioVersion = 10.0.40219.1
Project("{9A19103F-16F7-4668-BE54-9A1E7A4F7556}") = "Signals", "Signals\Signals.csproj", "{42F4742E-D3E3-4D38-A3AD-4AD00F3E502B}"
EndProject
Project("{9A19103F-16F7-4668-BE54-9A1E7A4F7556}") = "Signals.Tests", "Signals.Tests\Signals.Tests.csproj", "{3B41D4CD-FCCF-4C2C-841E-24FBB7F6EFC1}"
EndProject
Project("{9A19103F-16F7-4668-BE54-9A1E7A4F7556}") = "Signals.MvcExample", "Signals.MvcExample\Signals.MvcExample.csproj", "{62325729-84A1-416B-B70F-5552DF8F6A29}"
EndProject
Global
	GlobalSection(SolutionConfigurationPlatforms) = preSolution
		Debug|Any CPU = Debug|Any CPU
		Release|Any CPU = Release|Any CPU
	EndGlobalSection
	GlobalSection(ProjectConfigurationPlatforms) = postSolution
		{42F4742E-D3E3-4D38-A3AD-4AD00F3E502B}.Debug|Any CPU.ActiveCfg = Debug|Any CPU
		{42F4742E-D3E3-4D38-A3AD-4AD00F3E502B}.Debug|Any CPU.Build.0 = Debug|Any CPU
		{42F4742E-D3E3-4D38-A3AD-4AD00F3E502B}.Release|Any CPU.ActiveCfg = Release|Any CPU
		{42F4742E-D3E3-4D38-A3AD-4AD00F3E502B}.Release|Any CPU.Build.0 = Release|Any CPU
		{3B41D4CD-FCCF-4C2C-841E-24FBB7F6EFC1}.Debug|Any CPU.ActiveCfg = Debug|Any CPU
		{3B41D4CD-FCCF-4C2C-841E-24FBB7F6EFC1}.Debug|Any CPU.Build.0 = Debug|Any CPU
		{3B41D4CD-FCCF-4C2C-841E-24FBB7F6EFC1}.Release|Any CPU.ActiveCfg = Release|Any CPU
		{3B41D4CD-FCCF-4C2C-841E-24FBB7F6EFC1}.Release|Any CPU.Build.0 = Release|Any CPU
		{62325729-84A1-416B-B70F-5552DF8F6A29}.Debug|Any CPU.ActiveCfg = Debug|Any CPU
		{62325729-84A1-416B-B70F-5552DF8F6A29}.Debug|Any CPU.Build.0 = Debug|Any CPU
		{62325729-84A1-416B-B70F-5552DF8F6A29}.Release|Any CPU.ActiveCfg = Release|Any CPU
		{62325729-84A1-416B-B70F-5552DF8F6A29}.Release|Any CPU.Build.0 = Release|Any CPU
	EndGlobalSection
	GlobalSection(SolutionProperties) = preSolution
		HideSolutionNode = FALSE
	EndGlobalSection
	GlobalSection(ExtensibilityGlobals) = postSolution
		SolutionGuid = {6192CA05-69A7-454D-A6D6-A5E3C8E19F8D}
	EndGlobalSection
EndGlobal
